
Microsoft Visual Studio Solution File, Format Version 12.00
# Visual Studio Version 17
VisualStudioVersion = 17.8.34511.84
MinimumVisualStudioVersion = 10.0.40219.1
Project("{FAE04EC0-301F-11D3-BF4B-00C04F79EFBC}") = "Exercicio3", "Exercicio3\Exercicio3.csproj", "{BF5A433F-E2DB-4B7B-B117-13D89D2C7471}"
EndProject
Global
	GlobalSection(SolutionConfigurationPlatforms) = preSolution
		Debug|Any CPU = Debug|Any CPU
		Release|Any CPU = Release|Any CPU
	EndGlobalSection
	GlobalSection(ProjectConfigurationPlatforms) = postSolution
		{BF5A433F-E2DB-4B7B-B117-13D89D2C7471}.Debug|Any CPU.ActiveCfg = Debug|Any CPU
		{BF5A433F-E2DB-4B7B-B117-13D89D2C7471}.Debug|Any CPU.Build.0 = Debug|Any CPU
		{BF5A433F-E2DB-4B7B-B117-13D89D2C7471}.Release|Any CPU.ActiveCfg = Release|Any CPU
		{BF5A433F-E2DB-4B7B-B117-13D89D2C7471}.Release|Any CPU.Build.0 = Release|Any CPU
	EndGlobalSection
	GlobalSection(SolutionProperties) = preSolution
		HideSolutionNode = FALSE
	EndGlobalSection
	GlobalSection(ExtensibilityGlobals) = postSolution
		SolutionGuid = {C3C21FEC-208B-4C22-9894-DD39D8B75FDB}
	EndGlobalSection
EndGlobal
